
Microsoft Visual Studio Solution File, Format Version 12.00
# Visual Studio Version 16
VisualStudioVersion = 16.0.30717.126
MinimumVisualStudioVersion = 10.0.40219.1
Project("{9A19103F-16F7-4668-BE54-9A1E7A4F7556}") = "DataTableQueryBuilder", "src\DataTableQueryBuilder\DataTableQueryBuilder.csproj", "{EDE55749-BC8B-44F6-8909-97712FEDCD0A}"
EndProject
Project("{9A19103F-16F7-4668-BE54-9A1E7A4F7556}") = "DataTableQueryBuilder.DataTables", "src\DataTableQueryBuilder.DataTables\DataTableQueryBuilder.DataTables.csproj", "{41AD85E7-739A-41EB-B799-891F798EABE6}"
EndProject
Global
	GlobalSection(SolutionConfigurationPlatforms) = preSolution
		Debug|Any CPU = Debug|Any CPU
		Release|Any CPU = Release|Any CPU
	EndGlobalSection
	GlobalSection(ProjectConfigurationPlatforms) = postSolution
		{EDE55749-BC8B-44F6-8909-97712FEDCD0A}.Debug|Any CPU.ActiveCfg = Debug|Any CPU
		{EDE55749-BC8B-44F6-8909-97712FEDCD0A}.Debug|Any CPU.Build.0 = Debug|Any CPU
		{EDE55749-BC8B-44F6-8909-97712FEDCD0A}.Release|Any CPU.ActiveCfg = Release|Any CPU
		{EDE55749-BC8B-44F6-8909-97712FEDCD0A}.Release|Any CPU.Build.0 = Release|Any CPU
		{41AD85E7-739A-41EB-B799-891F798EABE6}.Debug|Any CPU.ActiveCfg = Debug|Any CPU
		{41AD85E7-739A-41EB-B799-891F798EABE6}.Debug|Any CPU.Build.0 = Debug|Any CPU
		{41AD85E7-739A-41EB-B799-891F798EABE6}.Release|Any CPU.ActiveCfg = Release|Any CPU
		{41AD85E7-739A-41EB-B799-891F798EABE6}.Release|Any CPU.Build.0 = Release|Any CPU
	EndGlobalSection
	GlobalSection(SolutionProperties) = preSolution
		HideSolutionNode = FALSE
	EndGlobalSection
	GlobalSection(ExtensibilityGlobals) = postSolution
		SolutionGuid = {3CF87736-DF92-4BE0-A75A-5A4E431C7BA3}
	EndGlobalSection
EndGlobal
